
Microsoft Visual Studio Solution File, Format Version 12.00
# Visual Studio 15
VisualStudioVersion = 15.0.28307.136
MinimumVisualStudioVersion = 10.0.40219.1
Project("{FAE04EC0-301F-11D3-BF4B-00C04F79EFBC}") = "4.1 Motif Enumeration Problem", "4.1 Motif Enumeration Problem\4.1 Motif Enumeration Problem.csproj", "{712D8C4F-3104-401D-B77E-E459282A968E}"
EndProject
Global
	GlobalSection(SolutionConfigurationPlatforms) = preSolution
		Debug|Any CPU = Debug|Any CPU
		Release|Any CPU = Release|Any CPU
	EndGlobalSection
	GlobalSection(ProjectConfigurationPlatforms) = postSolution
		{712D8C4F-3104-401D-B77E-E459282A968E}.Debug|Any CPU.ActiveCfg = Debug|Any CPU
		{712D8C4F-3104-401D-B77E-E459282A968E}.Debug|Any CPU.Build.0 = Debug|Any CPU
		{712D8C4F-3104-401D-B77E-E459282A968E}.Release|Any CPU.ActiveCfg = Release|Any CPU
		{712D8C4F-3104-401D-B77E-E459282A968E}.Release|Any CPU.Build.0 = Release|Any CPU
	EndGlobalSection
	GlobalSection(SolutionProperties) = preSolution
		HideSolutionNode = FALSE
	EndGlobalSection
	GlobalSection(ExtensibilityGlobals) = postSolution
		SolutionGuid = {FB36AE28-2746-44B8-9524-5903A6FE1BF5}
	EndGlobalSection
EndGlobal
